// !$*UTF8*$!
{
	archiveVersion = 1;
	classes = {
	};
	objectVersion = 46;
	objects = {

/* Begin PBXBuildFile section */
		BCA2DC49188A4CF600667BB9 /* Foundation.framework in Frameworks */ = {isa = PBXBuildFile; fileRef = BCA2DC48188A4CF600667BB9 /* Foundation.framework */; };
		BCA2DC4B188A4CF600667BB9 /* CoreGraphics.framework in Frameworks */ = {isa = PBXBuildFile; fileRef = BCA2DC4A188A4CF600667BB9 /* CoreGraphics.framework */; };
		BCA2DC4D188A4CF600667BB9 /* UIKit.framework in Frameworks */ = {isa = PBXBuildFile; fileRef = BCA2DC4C188A4CF600667BB9 /* UIKit.framework */; };
		BCA2DC53188A4CF600667BB9 /* InfoPlist.strings in Resources */ = {isa = PBXBuildFile; fileRef = BCA2DC51188A4CF600667BB9 /* InfoPlist.strings */; };
		BCA2DC55188A4CF600667BB9 /* main.m in Sources */ = {isa = PBXBuildFile; fileRef = BCA2DC54188A4CF600667BB9 /* main.m */; };
		BCA2DC59188A4CF600667BB9 /* AppDelegate.m in Sources */ = {isa = PBXBuildFile; fileRef = BCA2DC58188A4CF600667BB9 /* AppDelegate.m */; };
		BCA2DC5C188A4CF600667BB9 /* Main.storyboard in Resources */ = {isa = PBXBuildFile; fileRef = BCA2DC5A188A4CF600667BB9 /* Main.storyboard */; };
		BCA2DC5F188A4CF600667BB9 /* ViewController.m in Sources */ = {isa = PBXBuildFile; fileRef = BCA2DC5E188A4CF600667BB9 /* ViewController.m */; };
		BCA2DC61188A4CF600667BB9 /* Images.xcassets in Resources */ = {isa = PBXBuildFile; fileRef = BCA2DC60188A4CF600667BB9 /* Images.xcassets */; };
		BCA2DC68188A4CF600667BB9 /* XCTest.framework in Frameworks */ = {isa = PBXBuildFile; fileRef = BCA2DC67188A4CF600667BB9 /* XCTest.framework */; };
		BCA2DC69188A4CF600667BB9 /* Foundation.framework in Frameworks */ = {isa = PBXBuildFile; fileRef = BCA2DC48188A4CF600667BB9 /* Foundation.framework */; };
		BCA2DC6A188A4CF600667BB9 /* UIKit.framework in Frameworks */ = {isa = PBXBuildFile; fileRef = BCA2DC4C188A4CF600667BB9 /* UIKit.framework */; };
		BCA2DC72188A4CF600667BB9 /* InfoPlist.strings in Resources */ = {isa = PBXBuildFile; fileRef = BCA2DC70188A4CF600667BB9 /* InfoPlist.strings */; };
		BCA2DC74188A4CF600667BB9 /* AutoJukeTests.m in Sources */ = {isa = PBXBuildFile; fileRef = BCA2DC73188A4CF600667BB9 /* AutoJukeTests.m */; };
		BCA2DCA7188A4EFA00667BB9 /* Security.framework in Frameworks */ = {isa = PBXBuildFile; fileRef = BCA2DCA6188A4EFA00667BB9 /* Security.framework */; };
		BCA2DCA9188A4F0000667BB9 /* AVFoundation.framework in Frameworks */ = {isa = PBXBuildFile; fileRef = BCA2DCA8188A4F0000667BB9 /* AVFoundation.framework */; };
		BCA2DCAB188A4F0700667BB9 /* AudioToolbox.framework in Frameworks */ = {isa = PBXBuildFile; fileRef = BCA2DCAA188A4F0700667BB9 /* AudioToolbox.framework */; };
		BCA2DCAD188A4F0F00667BB9 /* CoreAudio.framework in Frameworks */ = {isa = PBXBuildFile; fileRef = BCA2DCAC188A4F0F00667BB9 /* CoreAudio.framework */; };
		BCA2DCAF188A4F1400667BB9 /* libstdc++.dylib in Frameworks */ = {isa = PBXBuildFile; fileRef = BCA2DCAE188A4F1400667BB9 /* libstdc++.dylib */; };
		BCA2DCB1188A4F1A00667BB9 /* CFNetwork.framework in Frameworks */ = {isa = PBXBuildFile; fileRef = BCA2DCB0188A4F1A00667BB9 /* CFNetwork.framework */; };
		BCA2DCB3188A4F2100667BB9 /* SystemConfiguration.framework in Frameworks */ = {isa = PBXBuildFile; fileRef = BCA2DCB2188A4F2100667BB9 /* SystemConfiguration.framework */; };
		BCA2DCB5188A4F3C00667BB9 /* CocoaLibSpotify.a in Frameworks */ = {isa = PBXBuildFile; fileRef = BCA2DCB4188A4F3C00667BB9 /* CocoaLibSpotify.a */; };
		BCA2DCB7188A4F4300667BB9 /* SPLoginResources.bundle in Resources */ = {isa = PBXBuildFile; fileRef = BCA2DCB6188A4F4300667BB9 /* SPLoginResources.bundle */; };
		BCDC0631188A850500F01D35 /* glyphicons_000_glass.png in Resources */ = {isa = PBXBuildFile; fileRef = BCDC0425188A850000F01D35 /* glyphicons_000_glass.png */; };
		BCDC0637188A850500F01D35 /* glyphicons_006_user_add.png in Resources */ = {isa = PBXBuildFile; fileRef = BCDC042B188A850000F01D35 /* glyphicons_006_user_add.png */; };
/* End PBXBuildFile section */

/* Begin PBXContainerItemProxy section */
		BCA2DC6B188A4CF600667BB9 /* PBXContainerItemProxy */ = {
			isa = PBXContainerItemProxy;
			containerPortal = BCA2DC3D188A4CF600667BB9 /* Project object */;
			proxyType = 1;
			remoteGlobalIDString = BCA2DC44188A4CF600667BB9;
			remoteInfo = AutoJuke;
		};
/* End PBXContainerItemProxy section */

/* Begin PBXFileReference section */
		BCA2DC45188A4CF600667BB9 /* AutoJuke.app */ = {isa = PBXFileReference; explicitFileType = wrapper.application; includeInIndex = 0; path = AutoJuke.app; sourceTree = BUILT_PRODUCTS_DIR; };
		BCA2DC48188A4CF600667BB9 /* Foundation.framework */ = {isa = PBXFileReference; lastKnownFileType = wrapper.framework; name = Foundation.framework; path = System/Library/Frameworks/Foundation.framework; sourceTree = SDKROOT; };
		BCA2DC4A188A4CF600667BB9 /* CoreGraphics.framework */ = {isa = PBXFileReference; lastKnownFileType = wrapper.framework; name = CoreGraphics.framework; path = System/Library/Frameworks/CoreGraphics.framework; sourceTree = SDKROOT; };
		BCA2DC4C188A4CF600667BB9 /* UIKit.framework */ = {isa = PBXFileReference; lastKnownFileType = wrapper.framework; name = UIKit.framework; path = System/Library/Frameworks/UIKit.framework; sourceTree = SDKROOT; };
		BCA2DC50188A4CF600667BB9 /* AutoJuke-Info.plist */ = {isa = PBXFileReference; lastKnownFileType = text.plist.xml; path = "AutoJuke-Info.plist"; sourceTree = "<group>"; };
		BCA2DC52188A4CF600667BB9 /* en */ = {isa = PBXFileReference; lastKnownFileType = text.plist.strings; name = en; path = en.lproj/InfoPlist.strings; sourceTree = "<group>"; };
		BCA2DC54188A4CF600667BB9 /* main.m */ = {isa = PBXFileReference; lastKnownFileType = sourcecode.c.objc; path = main.m; sourceTree = "<group>"; };
		BCA2DC56188A4CF600667BB9 /* AutoJuke-Prefix.pch */ = {isa = PBXFileReference; lastKnownFileType = sourcecode.c.h; path = "AutoJuke-Prefix.pch"; sourceTree = "<group>"; };
		BCA2DC57188A4CF600667BB9 /* AppDelegate.h */ = {isa = PBXFileReference; lastKnownFileType = sourcecode.c.h; path = AppDelegate.h; sourceTree = "<group>"; };
		BCA2DC58188A4CF600667BB9 /* AppDelegate.m */ = {isa = PBXFileReference; lastKnownFileType = sourcecode.c.objc; path = AppDelegate.m; sourceTree = "<group>"; };
		BCA2DC5B188A4CF600667BB9 /* Base */ = {isa = PBXFileReference; lastKnownFileType = file.storyboard; name = Base; path = Base.lproj/Main.storyboard; sourceTree = "<group>"; };
		BCA2DC5D188A4CF600667BB9 /* ViewController.h */ = {isa = PBXFileReference; lastKnownFileType = sourcecode.c.h; path = ViewController.h; sourceTree = "<group>"; };
		BCA2DC5E188A4CF600667BB9 /* ViewController.m */ = {isa = PBXFileReference; lastKnownFileType = sourcecode.c.objc; path = ViewController.m; sourceTree = "<group>"; };
		BCA2DC60188A4CF600667BB9 /* Images.xcassets */ = {isa = PBXFileReference; lastKnownFileType = folder.assetcatalog; path = Images.xcassets; sourceTree = "<group>"; };
		BCA2DC66188A4CF600667BB9 /* AutoJukeTests.xctest */ = {isa = PBXFileReference; explicitFileType = wrapper.cfbundle; includeInIndex = 0; path = AutoJukeTests.xctest; sourceTree = BUILT_PRODUCTS_DIR; };
		BCA2DC67188A4CF600667BB9 /* XCTest.framework */ = {isa = PBXFileReference; lastKnownFileType = wrapper.framework; name = XCTest.framework; path = Library/Frameworks/XCTest.framework; sourceTree = DEVELOPER_DIR; };
		BCA2DC6F188A4CF600667BB9 /* AutoJukeTests-Info.plist */ = {isa = PBXFileReference; lastKnownFileType = text.plist.xml; path = "AutoJukeTests-Info.plist"; sourceTree = "<group>"; };
		BCA2DC71188A4CF600667BB9 /* en */ = {isa = PBXFileReference; lastKnownFileType = text.plist.strings; name = en; path = en.lproj/InfoPlist.strings; sourceTree = "<group>"; };
		BCA2DC73188A4CF600667BB9 /* AutoJukeTests.m */ = {isa = PBXFileReference; lastKnownFileType = sourcecode.c.objc; path = AutoJukeTests.m; sourceTree = "<group>"; };
		BCA2DC7E188A4E5400667BB9 /* SPClientUpsellViewController.h */ = {isa = PBXFileReference; fileEncoding = 4; lastKnownFileType = sourcecode.c.h; path = SPClientUpsellViewController.h; sourceTree = "<group>"; };
		BCA2DC7F188A4E5400667BB9 /* SPFacebookPermissionsViewController.h */ = {isa = PBXFileReference; fileEncoding = 4; lastKnownFileType = sourcecode.c.h; path = SPFacebookPermissionsViewController.h; sourceTree = "<group>"; };
		BCA2DC80188A4E5400667BB9 /* SPLicenseViewController.h */ = {isa = PBXFileReference; fileEncoding = 4; lastKnownFileType = sourcecode.c.h; path = SPLicenseViewController.h; sourceTree = "<group>"; };
		BCA2DC81188A4E5400667BB9 /* SPLoginLogicViewController.h */ = {isa = PBXFileReference; fileEncoding = 4; lastKnownFileType = sourcecode.c.h; path = SPLoginLogicViewController.h; sourceTree = "<group>"; };
		BCA2DC82188A4E5400667BB9 /* SPLoginViewController.h */ = {isa = PBXFileReference; fileEncoding = 4; lastKnownFileType = sourcecode.c.h; path = SPLoginViewController.h; sourceTree = "<group>"; };
		BCA2DC83188A4E5400667BB9 /* SPLoginViewControllerInternal.h */ = {isa = PBXFileReference; fileEncoding = 4; lastKnownFileType = sourcecode.c.h; path = SPLoginViewControllerInternal.h; sourceTree = "<group>"; };
		BCA2DC84188A4E5400667BB9 /* SPSignupViewController.h */ = {isa = PBXFileReference; fileEncoding = 4; lastKnownFileType = sourcecode.c.h; path = SPSignupViewController.h; sourceTree = "<group>"; };
		BCA2DC85188A4E5400667BB9 /* CocoaLibSpotify.h */ = {isa = PBXFileReference; fileEncoding = 4; lastKnownFileType = sourcecode.c.h; path = CocoaLibSpotify.h; sourceTree = "<group>"; };
		BCA2DC86188A4E5400667BB9 /* CocoaLibSpotifyPlatformImports.h */ = {isa = PBXFileReference; fileEncoding = 4; lastKnownFileType = sourcecode.c.h; path = CocoaLibSpotifyPlatformImports.h; sourceTree = "<group>"; };
		BCA2DC87188A4E5400667BB9 /* SPAlbum.h */ = {isa = PBXFileReference; fileEncoding = 4; lastKnownFileType = sourcecode.c.h; path = SPAlbum.h; sourceTree = "<group>"; };
		BCA2DC88188A4E5400667BB9 /* SPAlbumBrowse.h */ = {isa = PBXFileReference; fileEncoding = 4; lastKnownFileType = sourcecode.c.h; path = SPAlbumBrowse.h; sourceTree = "<group>"; };
		BCA2DC89188A4E5400667BB9 /* SPArtist.h */ = {isa = PBXFileReference; fileEncoding = 4; lastKnownFileType = sourcecode.c.h; path = SPArtist.h; sourceTree = "<group>"; };
		BCA2DC8A188A4E5400667BB9 /* SPArtistBrowse.h */ = {isa = PBXFileReference; fileEncoding = 4; lastKnownFileType = sourcecode.c.h; path = SPArtistBrowse.h; sourceTree = "<group>"; };
		BCA2DC8B188A4E5400667BB9 /* SPAsyncLoading.h */ = {isa = PBXFileReference; fileEncoding = 4; lastKnownFileType = sourcecode.c.h; path = SPAsyncLoading.h; sourceTree = "<group>"; };
		BCA2DC8C188A4E5400667BB9 /* SPCircularBuffer.h */ = {isa = PBXFileReference; fileEncoding = 4; lastKnownFileType = sourcecode.c.h; path = SPCircularBuffer.h; sourceTree = "<group>"; };
		BCA2DC8D188A4E5400667BB9 /* SPCommon.h */ = {isa = PBXFileReference; fileEncoding = 4; lastKnownFileType = sourcecode.c.h; path = SPCommon.h; sourceTree = "<group>"; };
		BCA2DC8E188A4E5400667BB9 /* SPCoreAudioController.h */ = {isa = PBXFileReference; fileEncoding = 4; lastKnownFileType = sourcecode.c.h; path = SPCoreAudioController.h; sourceTree = "<group>"; };
		BCA2DC8F188A4E5400667BB9 /* SPErrorExtensions.h */ = {isa = PBXFileReference; fileEncoding = 4; lastKnownFileType = sourcecode.c.h; path = SPErrorExtensions.h; sourceTree = "<group>"; };
		BCA2DC90188A4E5400667BB9 /* SPImage.h */ = {isa = PBXFileReference; fileEncoding = 4; lastKnownFileType = sourcecode.c.h; path = SPImage.h; sourceTree = "<group>"; };
		BCA2DC91188A4E5400667BB9 /* SPPlaybackManager.h */ = {isa = PBXFileReference; fileEncoding = 4; lastKnownFileType = sourcecode.c.h; path = SPPlaybackManager.h; sourceTree = "<group>"; };
		BCA2DC92188A4E5400667BB9 /* SPPlaylist.h */ = {isa = PBXFileReference; fileEncoding = 4; lastKnownFileType = sourcecode.c.h; path = SPPlaylist.h; sourceTree = "<group>"; };
		BCA2DC93188A4E5400667BB9 /* SPPlaylistContainer.h */ = {isa = PBXFileReference; fileEncoding = 4; lastKnownFileType = sourcecode.c.h; path = SPPlaylistContainer.h; sourceTree = "<group>"; };
		BCA2DC94188A4E5400667BB9 /* SPPlaylistContainerInternal.h */ = {isa = PBXFileReference; fileEncoding = 4; lastKnownFileType = sourcecode.c.h; path = SPPlaylistContainerInternal.h; sourceTree = "<group>"; };
		BCA2DC95188A4E5400667BB9 /* SPPlaylistFolder.h */ = {isa = PBXFileReference; fileEncoding = 4; lastKnownFileType = sourcecode.c.h; path = SPPlaylistFolder.h; sourceTree = "<group>"; };
		BCA2DC96188A4E5400667BB9 /* SPPlaylistFolderInternal.h */ = {isa = PBXFileReference; fileEncoding = 4; lastKnownFileType = sourcecode.c.h; path = SPPlaylistFolderInternal.h; sourceTree = "<group>"; };
		BCA2DC97188A4E5400667BB9 /* SPPlaylistInternal.h */ = {isa = PBXFileReference; fileEncoding = 4; lastKnownFileType = sourcecode.c.h; path = SPPlaylistInternal.h; sourceTree = "<group>"; };
		BCA2DC98188A4E5400667BB9 /* SPPlaylistItem.h */ = {isa = PBXFileReference; fileEncoding = 4; lastKnownFileType = sourcecode.c.h; path = SPPlaylistItem.h; sourceTree = "<group>"; };
		BCA2DC99188A4E5400667BB9 /* SPPlaylistItemInternal.h */ = {isa = PBXFileReference; fileEncoding = 4; lastKnownFileType = sourcecode.c.h; path = SPPlaylistItemInternal.h; sourceTree = "<group>"; };
		BCA2DC9A188A4E5400667BB9 /* SPPostTracksToInboxOperation.h */ = {isa = PBXFileReference; fileEncoding = 4; lastKnownFileType = sourcecode.c.h; path = SPPostTracksToInboxOperation.h; sourceTree = "<group>"; };
		BCA2DC9B188A4E5400667BB9 /* SPSearch.h */ = {isa = PBXFileReference; fileEncoding = 4; lastKnownFileType = sourcecode.c.h; path = SPSearch.h; sourceTree = "<group>"; };
		BCA2DC9C188A4E5400667BB9 /* SPSession.h */ = {isa = PBXFileReference; fileEncoding = 4; lastKnownFileType = sourcecode.c.h; path = SPSession.h; sourceTree = "<group>"; };
		BCA2DC9D188A4E5400667BB9 /* SPSessionInternal.h */ = {isa = PBXFileReference; fileEncoding = 4; lastKnownFileType = sourcecode.c.h; path = SPSessionInternal.h; sourceTree = "<group>"; };
		BCA2DC9E188A4E5400667BB9 /* SPToplist.h */ = {isa = PBXFileReference; fileEncoding = 4; lastKnownFileType = sourcecode.c.h; path = SPToplist.h; sourceTree = "<group>"; };
		BCA2DC9F188A4E5400667BB9 /* SPTrack.h */ = {isa = PBXFileReference; fileEncoding = 4; lastKnownFileType = sourcecode.c.h; path = SPTrack.h; sourceTree = "<group>"; };
		BCA2DCA0188A4E5400667BB9 /* SPTrackInternal.h */ = {isa = PBXFileReference; fileEncoding = 4; lastKnownFileType = sourcecode.c.h; path = SPTrackInternal.h; sourceTree = "<group>"; };
		BCA2DCA1188A4E5400667BB9 /* SPUnknownPlaylist.h */ = {isa = PBXFileReference; fileEncoding = 4; lastKnownFileType = sourcecode.c.h; path = SPUnknownPlaylist.h; sourceTree = "<group>"; };
		BCA2DCA2188A4E5400667BB9 /* SPURLExtensions.h */ = {isa = PBXFileReference; fileEncoding = 4; lastKnownFileType = sourcecode.c.h; path = SPURLExtensions.h; sourceTree = "<group>"; };
		BCA2DCA3188A4E5400667BB9 /* SPUser.h */ = {isa = PBXFileReference; fileEncoding = 4; lastKnownFileType = sourcecode.c.h; path = SPUser.h; sourceTree = "<group>"; };
		BCA2DCA4188A4E5400667BB9 /* api.h */ = {isa = PBXFileReference; fileEncoding = 4; lastKnownFileType = sourcecode.c.h; path = api.h; sourceTree = "<group>"; };
		BCA2DCA5188A4EA100667BB9 /* appkey.c */ = {isa = PBXFileReference; lastKnownFileType = sourcecode.c.c; path = appkey.c; sourceTree = "<group>"; };
		BCA2DCA6188A4EFA00667BB9 /* Security.framework */ = {isa = PBXFileReference; lastKnownFileType = wrapper.framework; name = Security.framework; path = System/Library/Frameworks/Security.framework; sourceTree = SDKROOT; };
		BCA2DCA8188A4F0000667BB9 /* AVFoundation.framework */ = {isa = PBXFileReference; lastKnownFileType = wrapper.framework; name = AVFoundation.framework; path = System/Library/Frameworks/AVFoundation.framework; sourceTree = SDKROOT; };
		BCA2DCAA188A4F0700667BB9 /* AudioToolbox.framework */ = {isa = PBXFileReference; lastKnownFileType = wrapper.framework; name = AudioToolbox.framework; path = System/Library/Frameworks/AudioToolbox.framework; sourceTree = SDKROOT; };
		BCA2DCAC188A4F0F00667BB9 /* CoreAudio.framework */ = {isa = PBXFileReference; lastKnownFileType = wrapper.framework; name = CoreAudio.framework; path = System/Library/Frameworks/CoreAudio.framework; sourceTree = SDKROOT; };
		BCA2DCAE188A4F1400667BB9 /* libstdc++.dylib */ = {isa = PBXFileReference; lastKnownFileType = "compiled.mach-o.dylib"; name = "libstdc++.dylib"; path = "usr/lib/libstdc++.dylib"; sourceTree = SDKROOT; };
		BCA2DCB0188A4F1A00667BB9 /* CFNetwork.framework */ = {isa = PBXFileReference; lastKnownFileType = wrapper.framework; name = CFNetwork.framework; path = System/Library/Frameworks/CFNetwork.framework; sourceTree = SDKROOT; };
		BCA2DCB2188A4F2100667BB9 /* SystemConfiguration.framework */ = {isa = PBXFileReference; lastKnownFileType = wrapper.framework; name = SystemConfiguration.framework; path = System/Library/Frameworks/SystemConfiguration.framework; sourceTree = SDKROOT; };
		BCA2DCB4188A4F3C00667BB9 /* CocoaLibSpotify.a */ = {isa = PBXFileReference; lastKnownFileType = archive.ar; path = CocoaLibSpotify.a; sourceTree = "<group>"; };
		BCA2DCB6188A4F4300667BB9 /* SPLoginResources.bundle */ = {isa = PBXFileReference; lastKnownFileType = "wrapper.plug-in"; name = SPLoginResources.bundle; path = ../SPLoginResources.bundle; sourceTree = "<group>"; };
		BCDC0425188A850000F01D35 /* glyphicons_000_glass.png */ = {isa = PBXFileReference; lastKnownFileType = image.png; path = glyphicons_000_glass.png; sourceTree = "<group>"; };
		BCDC042B188A850000F01D35 /* glyphicons_006_user_add.png */ = {isa = PBXFileReference; lastKnownFileType = image.png; path = glyphicons_006_user_add.png; sourceTree = "<group>"; };
/* End PBXFileReference section */

/* Begin PBXFrameworksBuildPhase section */
		BCA2DC42188A4CF600667BB9 /* Frameworks */ = {
			isa = PBXFrameworksBuildPhase;
			buildActionMask = 2147483647;
			files = (
				BCA2DCB3188A4F2100667BB9 /* SystemConfiguration.framework in Frameworks */,
				BCA2DCB1188A4F1A00667BB9 /* CFNetwork.framework in Frameworks */,
				BCA2DCAF188A4F1400667BB9 /* libstdc++.dylib in Frameworks */,
				BCA2DCAD188A4F0F00667BB9 /* CoreAudio.framework in Frameworks */,
				BCA2DCB5188A4F3C00667BB9 /* CocoaLibSpotify.a in Frameworks */,
				BCA2DCAB188A4F0700667BB9 /* AudioToolbox.framework in Frameworks */,
				BCA2DCA9188A4F0000667BB9 /* AVFoundation.framework in Frameworks */,
				BCA2DCA7188A4EFA00667BB9 /* Security.framework in Frameworks */,
				BCA2DC4B188A4CF600667BB9 /* CoreGraphics.framework in Frameworks */,
				BCA2DC4D188A4CF600667BB9 /* UIKit.framework in Frameworks */,
				BCA2DC49188A4CF600667BB9 /* Foundation.framework in Frameworks */,
			);
			runOnlyForDeploymentPostprocessing = 0;
		};
		BCA2DC63188A4CF600667BB9 /* Frameworks */ = {
			isa = PBXFrameworksBuildPhase;
			buildActionMask = 2147483647;
			files = (
				BCA2DC68188A4CF600667BB9 /* XCTest.framework in Frameworks */,
				BCA2DC6A188A4CF600667BB9 /* UIKit.framework in Frameworks */,
				BCA2DC69188A4CF600667BB9 /* Foundation.framework in Frameworks */,
			);
			runOnlyForDeploymentPostprocessing = 0;
		};
/* End PBXFrameworksBuildPhase section */

/* Begin PBXGroup section */
		BC2AE8C5188A92F300516469 /* SP */ = {
			isa = PBXGroup;
			children = (
				BCA2DC7E188A4E5400667BB9 /* SPClientUpsellViewController.h */,
				BCA2DC7F188A4E5400667BB9 /* SPFacebookPermissionsViewController.h */,
				BCA2DC80188A4E5400667BB9 /* SPLicenseViewController.h */,
				BCA2DC81188A4E5400667BB9 /* SPLoginLogicViewController.h */,
				BCA2DC82188A4E5400667BB9 /* SPLoginViewController.h */,
				BCA2DC83188A4E5400667BB9 /* SPLoginViewControllerInternal.h */,
				BCA2DC84188A4E5400667BB9 /* SPSignupViewController.h */,
				BCA2DC87188A4E5400667BB9 /* SPAlbum.h */,
				BCA2DC88188A4E5400667BB9 /* SPAlbumBrowse.h */,
				BCA2DC89188A4E5400667BB9 /* SPArtist.h */,
				BCA2DC8A188A4E5400667BB9 /* SPArtistBrowse.h */,
				BCA2DC8B188A4E5400667BB9 /* SPAsyncLoading.h */,
				BCA2DC8C188A4E5400667BB9 /* SPCircularBuffer.h */,
				BCA2DC8D188A4E5400667BB9 /* SPCommon.h */,
				BCA2DC8E188A4E5400667BB9 /* SPCoreAudioController.h */,
				BCA2DC8F188A4E5400667BB9 /* SPErrorExtensions.h */,
				BCA2DC90188A4E5400667BB9 /* SPImage.h */,
				BCA2DC91188A4E5400667BB9 /* SPPlaybackManager.h */,
				BCA2DC92188A4E5400667BB9 /* SPPlaylist.h */,
				BCA2DC93188A4E5400667BB9 /* SPPlaylistContainer.h */,
				BCA2DC94188A4E5400667BB9 /* SPPlaylistContainerInternal.h */,
				BCA2DC95188A4E5400667BB9 /* SPPlaylistFolder.h */,
				BCA2DC96188A4E5400667BB9 /* SPPlaylistFolderInternal.h */,
				BCA2DC97188A4E5400667BB9 /* SPPlaylistInternal.h */,
				BCA2DC98188A4E5400667BB9 /* SPPlaylistItem.h */,
				BCA2DC99188A4E5400667BB9 /* SPPlaylistItemInternal.h */,
				BCA2DC9A188A4E5400667BB9 /* SPPostTracksToInboxOperation.h */,
				BCA2DC9B188A4E5400667BB9 /* SPSearch.h */,
				BCA2DC9C188A4E5400667BB9 /* SPSession.h */,
				BCA2DC9D188A4E5400667BB9 /* SPSessionInternal.h */,
				BCA2DC9E188A4E5400667BB9 /* SPToplist.h */,
				BCA2DC9F188A4E5400667BB9 /* SPTrack.h */,
				BCA2DCA0188A4E5400667BB9 /* SPTrackInternal.h */,
				BCA2DCA1188A4E5400667BB9 /* SPUnknownPlaylist.h */,
				BCA2DCA2188A4E5400667BB9 /* SPURLExtensions.h */,
				BCA2DCA3188A4E5400667BB9 /* SPUser.h */,
			);
			name = SP;
			sourceTree = "<group>";
		};
		BCA2DC3C188A4CF600667BB9 = {
			isa = PBXGroup;
			children = (
				BCA2DC4E188A4CF600667BB9 /* AutoJuke */,
				BCA2DC6D188A4CF600667BB9 /* AutoJukeTests */,
				BCA2DC47188A4CF600667BB9 /* Frameworks */,
				BCA2DC46188A4CF600667BB9 /* Products */,
			);
			sourceTree = "<group>";
		};
		BCA2DC46188A4CF600667BB9 /* Products */ = {
			isa = PBXGroup;
			children = (
				BCA2DC45188A4CF600667BB9 /* AutoJuke.app */,
				BCA2DC66188A4CF600667BB9 /* AutoJukeTests.xctest */,
			);
			name = Products;
			sourceTree = "<group>";
		};
		BCA2DC47188A4CF600667BB9 /* Frameworks */ = {
			isa = PBXGroup;
			children = (
				BCA2DCB4188A4F3C00667BB9 /* CocoaLibSpotify.a */,
				BCA2DCB2188A4F2100667BB9 /* SystemConfiguration.framework */,
				BCA2DCB0188A4F1A00667BB9 /* CFNetwork.framework */,
				BCA2DCAE188A4F1400667BB9 /* libstdc++.dylib */,
				BCA2DCAC188A4F0F00667BB9 /* CoreAudio.framework */,
				BCA2DCAA188A4F0700667BB9 /* AudioToolbox.framework */,
				BCA2DCA8188A4F0000667BB9 /* AVFoundation.framework */,
				BCA2DCA6188A4EFA00667BB9 /* Security.framework */,
				BCA2DC48188A4CF600667BB9 /* Foundation.framework */,
				BCA2DC4A188A4CF600667BB9 /* CoreGraphics.framework */,
				BCA2DC4C188A4CF600667BB9 /* UIKit.framework */,
				BCA2DC67188A4CF600667BB9 /* XCTest.framework */,
			);
			name = Frameworks;
			sourceTree = "<group>";
		};
		BCA2DC4E188A4CF600667BB9 /* AutoJuke */ = {
			isa = PBXGroup;
			children = (
				BCDC041F188A84ED00F01D35 /* assets */,
				BCA2DC7D188A4E4000667BB9 /* cocoaLibSpotify */,
				BCA2DC57188A4CF600667BB9 /* AppDelegate.h */,
				BCA2DC58188A4CF600667BB9 /* AppDelegate.m */,
				BCA2DC5A188A4CF600667BB9 /* Main.storyboard */,
				BCA2DC5D188A4CF600667BB9 /* ViewController.h */,
				BCA2DC5E188A4CF600667BB9 /* ViewController.m */,
				BCA2DC60188A4CF600667BB9 /* Images.xcassets */,
				BCA2DC4F188A4CF600667BB9 /* Supporting Files */,
			);
			path = AutoJuke;
			sourceTree = "<group>";
		};
		BCA2DC4F188A4CF600667BB9 /* Supporting Files */ = {
			isa = PBXGroup;
			children = (
				BCA2DC50188A4CF600667BB9 /* AutoJuke-Info.plist */,
				BCA2DC51188A4CF600667BB9 /* InfoPlist.strings */,
				BCA2DC54188A4CF600667BB9 /* main.m */,
				BCA2DC56188A4CF600667BB9 /* AutoJuke-Prefix.pch */,
			);
			name = "Supporting Files";
			sourceTree = "<group>";
		};
		BCA2DC6D188A4CF600667BB9 /* AutoJukeTests */ = {
			isa = PBXGroup;
			children = (
				BCA2DC73188A4CF600667BB9 /* AutoJukeTests.m */,
				BCA2DC6E188A4CF600667BB9 /* Supporting Files */,
			);
			path = AutoJukeTests;
			sourceTree = "<group>";
		};
		BCA2DC6E188A4CF600667BB9 /* Supporting Files */ = {
			isa = PBXGroup;
			children = (
				BCA2DC6F188A4CF600667BB9 /* AutoJukeTests-Info.plist */,
				BCA2DC70188A4CF600667BB9 /* InfoPlist.strings */,
			);
			name = "Supporting Files";
			sourceTree = "<group>";
		};
		BCA2DC7D188A4E4000667BB9 /* cocoaLibSpotify */ = {
			isa = PBXGroup;
			children = (
				BC2AE8C5188A92F300516469 /* SP */,
				BCA2DCB6188A4F4300667BB9 /* SPLoginResources.bundle */,
				BCA2DCA5188A4EA100667BB9 /* appkey.c */,
				BCA2DC85188A4E5400667BB9 /* CocoaLibSpotify.h */,
				BCA2DC86188A4E5400667BB9 /* CocoaLibSpotifyPlatformImports.h */,
				BCA2DCA4188A4E5400667BB9 /* api.h */,
			);
			name = cocoaLibSpotify;
			sourceTree = "<group>";
		};
		BCDC041F188A84ED00F01D35 /* assets */ = {
			isa = PBXGroup;
			children = (
				BCDC0420188A850000F01D35 /* glyphicons */,
			);
			name = assets;
			sourceTree = "<group>";
		};
		BCDC0420188A850000F01D35 /* glyphicons */ = {
			isa = PBXGroup;
			children = (
				BCDC0424188A850000F01D35 /* png */,
			);
			name = glyphicons;
			path = glyphicons_free;
			sourceTree = "<group>";
		};
		BCDC0424188A850000F01D35 /* png */ = {
			isa = PBXGroup;
			children = (
				BCDC0425188A850000F01D35 /* glyphicons_000_glass.png */,
				BCDC042B188A850000F01D35 /* glyphicons_006_user_add.png */,
			);
			name = png;
			path = glyphicons/png;
			sourceTree = "<group>";
		};
/* End PBXGroup section */

/* Begin PBXNativeTarget section */
		BCA2DC44188A4CF600667BB9 /* AutoJuke */ = {
			isa = PBXNativeTarget;
			buildConfigurationList = BCA2DC77188A4CF600667BB9 /* Build configuration list for PBXNativeTarget "AutoJuke" */;
			buildPhases = (
				BCA2DC41188A4CF600667BB9 /* Sources */,
				BCA2DC42188A4CF600667BB9 /* Frameworks */,
				BCA2DC43188A4CF600667BB9 /* Resources */,
			);
			buildRules = (
			);
			dependencies = (
			);
			name = AutoJuke;
			productName = AutoJuke;
			productReference = BCA2DC45188A4CF600667BB9 /* AutoJuke.app */;
			productType = "com.apple.product-type.application";
		};
		BCA2DC65188A4CF600667BB9 /* AutoJukeTests */ = {
			isa = PBXNativeTarget;
			buildConfigurationList = BCA2DC7A188A4CF600667BB9 /* Build configuration list for PBXNativeTarget "AutoJukeTests" */;
			buildPhases = (
				BCA2DC62188A4CF600667BB9 /* Sources */,
				BCA2DC63188A4CF600667BB9 /* Frameworks */,
				BCA2DC64188A4CF600667BB9 /* Resources */,
			);
			buildRules = (
			);
			dependencies = (
				BCA2DC6C188A4CF600667BB9 /* PBXTargetDependency */,
			);
			name = AutoJukeTests;
			productName = AutoJukeTests;
			productReference = BCA2DC66188A4CF600667BB9 /* AutoJukeTests.xctest */;
			productType = "com.apple.product-type.bundle.unit-test";
		};
/* End PBXNativeTarget section */

/* Begin PBXProject section */
		BCA2DC3D188A4CF600667BB9 /* Project object */ = {
			isa = PBXProject;
			attributes = {
				LastUpgradeCheck = 0500;
				ORGANIZATIONNAME = "Point One";
				TargetAttributes = {
					BCA2DC65188A4CF600667BB9 = {
						TestTargetID = BCA2DC44188A4CF600667BB9;
					};
				};
			};
			buildConfigurationList = BCA2DC40188A4CF600667BB9 /* Build configuration list for PBXProject "AutoJuke" */;
			compatibilityVersion = "Xcode 3.2";
			developmentRegion = English;
			hasScannedForEncodings = 0;
			knownRegions = (
				en,
				Base,
			);
			mainGroup = BCA2DC3C188A4CF600667BB9;
			productRefGroup = BCA2DC46188A4CF600667BB9 /* Products */;
			projectDirPath = "";
			projectRoot = "";
			targets = (
				BCA2DC44188A4CF600667BB9 /* AutoJuke */,
				BCA2DC65188A4CF600667BB9 /* AutoJukeTests */,
			);
		};
/* End PBXProject section */

/* Begin PBXResourcesBuildPhase section */
		BCA2DC43188A4CF600667BB9 /* Resources */ = {
			isa = PBXResourcesBuildPhase;
			buildActionMask = 2147483647;
			files = (
				BCA2DC61188A4CF600667BB9 /* Images.xcassets in Resources */,
				BCA2DC53188A4CF600667BB9 /* InfoPlist.strings in Resources */,
				BCDC0631188A850500F01D35 /* glyphicons_000_glass.png in Resources */,
				BCA2DCB7188A4F4300667BB9 /* SPLoginResources.bundle in Resources */,
				BCA2DC5C188A4CF600667BB9 /* Main.storyboard in Resources */,
				BCDC0637188A850500F01D35 /* glyphicons_006_user_add.png in Resources */,
			);
			runOnlyForDeploymentPostprocessing = 0;
		};
		BCA2DC64188A4CF600667BB9 /* Resources */ = {
			isa = PBXResourcesBuildPhase;
			buildActionMask = 2147483647;
			files = (
				BCA2DC72188A4CF600667BB9 /* InfoPlist.strings in Resources */,
			);
			runOnlyForDeploymentPostprocessing = 0;
		};
/* End PBXResourcesBuildPhase section */

/* Begin PBXSourcesBuildPhase section */
		BCA2DC41188A4CF600667BB9 /* Sources */ = {
			isa = PBXSourcesBuildPhase;
			buildActionMask = 2147483647;
			files = (
				BCA2DC5F188A4CF600667BB9 /* ViewController.m in Sources */,
				BCA2DC59188A4CF600667BB9 /* AppDelegate.m in Sources */,
				BCA2DC55188A4CF600667BB9 /* main.m in Sources */,
			);
			runOnlyForDeploymentPostprocessing = 0;
		};
		BCA2DC62188A4CF600667BB9 /* Sources */ = {
			isa = PBXSourcesBuildPhase;
			buildActionMask = 2147483647;
			files = (
				BCA2DC74188A4CF600667BB9 /* AutoJukeTests.m in Sources */,
			);
			runOnlyForDeploymentPostprocessing = 0;
		};
/* End PBXSourcesBuildPhase section */

/* Begin PBXTargetDependency section */
		BCA2DC6C188A4CF600667BB9 /* PBXTargetDependency */ = {
			isa = PBXTargetDependency;
			target = BCA2DC44188A4CF600667BB9 /* AutoJuke */;
			targetProxy = BCA2DC6B188A4CF600667BB9 /* PBXContainerItemProxy */;
		};
/* End PBXTargetDependency section */

/* Begin PBXVariantGroup section */
		BCA2DC51188A4CF600667BB9 /* InfoPlist.strings */ = {
			isa = PBXVariantGroup;
			children = (
				BCA2DC52188A4CF600667BB9 /* en */,
			);
			name = InfoPlist.strings;
			sourceTree = "<group>";
		};
		BCA2DC5A188A4CF600667BB9 /* Main.storyboard */ = {
			isa = PBXVariantGroup;
			children = (
				BCA2DC5B188A4CF600667BB9 /* Base */,
			);
			name = Main.storyboard;
			sourceTree = "<group>";
		};
		BCA2DC70188A4CF600667BB9 /* InfoPlist.strings */ = {
			isa = PBXVariantGroup;
			children = (
				BCA2DC71188A4CF600667BB9 /* en */,
			);
			name = InfoPlist.strings;
			sourceTree = "<group>";
		};
/* End PBXVariantGroup section */

/* Begin XCBuildConfiguration section */
		BCA2DC75188A4CF600667BB9 /* Debug */ = {
			isa = XCBuildConfiguration;
			buildSettings = {
				ALWAYS_SEARCH_USER_PATHS = NO;
				ARCHS = "$(ARCHS_STANDARD_INCLUDING_64_BIT)";
				CLANG_CXX_LANGUAGE_STANDARD = "gnu++0x";
				CLANG_CXX_LIBRARY = "libc++";
				CLANG_ENABLE_MODULES = YES;
				CLANG_ENABLE_OBJC_ARC = YES;
				CLANG_WARN_BOOL_CONVERSION = YES;
				CLANG_WARN_CONSTANT_CONVERSION = YES;
				CLANG_WARN_DIRECT_OBJC_ISA_USAGE = YES_ERROR;
				CLANG_WARN_EMPTY_BODY = YES;
				CLANG_WARN_ENUM_CONVERSION = YES;
				CLANG_WARN_INT_CONVERSION = YES;
				CLANG_WARN_OBJC_ROOT_CLASS = YES_ERROR;
				CLANG_WARN__DUPLICATE_METHOD_MATCH = YES;
				"CODE_SIGN_IDENTITY[sdk=iphoneos*]" = "iPhone Developer";
				COPY_PHASE_STRIP = NO;
				GCC_C_LANGUAGE_STANDARD = gnu99;
				GCC_DYNAMIC_NO_PIC = NO;
				GCC_OPTIMIZATION_LEVEL = 0;
				GCC_PREPROCESSOR_DEFINITIONS = (
					"DEBUG=1",
					"$(inherited)",
				);
				GCC_SYMBOLS_PRIVATE_EXTERN = NO;
				GCC_WARN_64_TO_32_BIT_CONVERSION = YES;
				GCC_WARN_ABOUT_RETURN_TYPE = YES_ERROR;
				GCC_WARN_UNDECLARED_SELECTOR = YES;
				GCC_WARN_UNINITIALIZED_AUTOS = YES;
				GCC_WARN_UNUSED_FUNCTION = YES;
				GCC_WARN_UNUSED_VARIABLE = YES;
				IPHONEOS_DEPLOYMENT_TARGET = 7.0;
				ONLY_ACTIVE_ARCH = YES;
				SDKROOT = iphoneos;
			};
			name = Debug;
		};
		BCA2DC76188A4CF600667BB9 /* Release */ = {
			isa = XCBuildConfiguration;
			buildSettings = {
				ALWAYS_SEARCH_USER_PATHS = NO;
				ARCHS = "$(ARCHS_STANDARD_INCLUDING_64_BIT)";
				CLANG_CXX_LANGUAGE_STANDARD = "gnu++0x";
				CLANG_CXX_LIBRARY = "libc++";
				CLANG_ENABLE_MODULES = YES;
				CLANG_ENABLE_OBJC_ARC = YES;
				CLANG_WARN_BOOL_CONVERSION = YES;
				CLANG_WARN_CONSTANT_CONVERSION = YES;
				CLANG_WARN_DIRECT_OBJC_ISA_USAGE = YES_ERROR;
				CLANG_WARN_EMPTY_BODY = YES;
				CLANG_WARN_ENUM_CONVERSION = YES;
				CLANG_WARN_INT_CONVERSION = YES;
				CLANG_WARN_OBJC_ROOT_CLASS = YES_ERROR;
				CLANG_WARN__DUPLICATE_METHOD_MATCH = YES;
				"CODE_SIGN_IDENTITY[sdk=iphoneos*]" = "iPhone Developer";
				COPY_PHASE_STRIP = YES;
				ENABLE_NS_ASSERTIONS = NO;
				GCC_C_LANGUAGE_STANDARD = gnu99;
				GCC_WARN_64_TO_32_BIT_CONVERSION = YES;
				GCC_WARN_ABOUT_RETURN_TYPE = YES_ERROR;
				GCC_WARN_UNDECLARED_SELECTOR = YES;
				GCC_WARN_UNINITIALIZED_AUTOS = YES;
				GCC_WARN_UNUSED_FUNCTION = YES;
				GCC_WARN_UNUSED_VARIABLE = YES;
				IPHONEOS_DEPLOYMENT_TARGET = 7.0;
				SDKROOT = iphoneos;
				VALIDATE_PRODUCT = YES;
			};
			name = Release;
		};
		BCA2DC78188A4CF600667BB9 /* Debug */ = {
			isa = XCBuildConfiguration;
			buildSettings = {
				ASSETCATALOG_COMPILER_APPICON_NAME = AppIcon;
				ASSETCATALOG_COMPILER_LAUNCHIMAGE_NAME = LaunchImage;
				CODE_SIGN_IDENTITY = "iPhone Developer";
				"CODE_SIGN_IDENTITY[sdk=iphoneos*]" = "iPhone Developer";
				GCC_PRECOMPILE_PREFIX_HEADER = YES;
				GCC_PREFIX_HEADER = "AutoJuke/AutoJuke-Prefix.pch";
				INFOPLIST_FILE = "AutoJuke/AutoJuke-Info.plist";
				IPHONEOS_DEPLOYMENT_TARGET = 6.0;
				LIBRARY_SEARCH_PATHS = (
					"$(inherited)",
					/Volumes/playground/sandbox/libspotify/AutoJuke,
				);
				OTHER_CODE_SIGN_FLAGS = "-gta";
				OTHER_LDFLAGS = (
					"-ObjC",
					"-all_load",
				);
				PRODUCT_NAME = "$(TARGET_NAME)";
				WRAPPER_EXTENSION = app;
			};
			name = Debug;
		};
		BCA2DC79188A4CF600667BB9 /* Release */ = {
			isa = XCBuildConfiguration;
			buildSettings = {
				ASSETCATALOG_COMPILER_APPICON_NAME = AppIcon;
				ASSETCATALOG_COMPILER_LAUNCHIMAGE_NAME = LaunchImage;
				CODE_SIGN_IDENTITY = "iPhone Developer";
				"CODE_SIGN_IDENTITY[sdk=iphoneos*]" = "iPhone Developer";
				GCC_PRECOMPILE_PREFIX_HEADER = YES;
				GCC_PREFIX_HEADER = "AutoJuke/AutoJuke-Prefix.pch";
				INFOPLIST_FILE = "AutoJuke/AutoJuke-Info.plist";
				IPHONEOS_DEPLOYMENT_TARGET = 6.0;
				LIBRARY_SEARCH_PATHS = (
					"$(inherited)",
					/Volumes/playground/sandbox/libspotify/AutoJuke,
				);
				OTHER_CODE_SIGN_FLAGS = "-gta";
				OTHER_LDFLAGS = (
					"-ObjC",
					"-all_load",
				);
				PRODUCT_NAME = "$(TARGET_NAME)";
				WRAPPER_EXTENSION = app;
			};
			name = Release;
		};
		BCA2DC7B188A4CF600667BB9 /* Debug */ = {
			isa = XCBuildConfiguration;
			buildSettings = {
				ARCHS = "$(ARCHS_STANDARD_INCLUDING_64_BIT)";
				BUNDLE_LOADER = "$(BUILT_PRODUCTS_DIR)/AutoJuke.app/AutoJuke";
				FRAMEWORK_SEARCH_PATHS = (
					"$(SDKROOT)/Developer/Library/Frameworks",
					"$(inherited)",
					"$(DEVELOPER_FRAMEWORKS_DIR)",
				);
				GCC_PRECOMPILE_PREFIX_HEADER = YES;
				GCC_PREFIX_HEADER = "AutoJuke/AutoJuke-Prefix.pch";
				GCC_PREPROCESSOR_DEFINITIONS = (
					"DEBUG=1",
					"$(inherited)",
				);
				INFOPLIST_FILE = "AutoJukeTests/AutoJukeTests-Info.plist";
				PRODUCT_NAME = "$(TARGET_NAME)";
				TEST_HOST = "$(BUNDLE_LOADER)";
				WRAPPER_EXTENSION = xctest;
			};
			name = Debug;
		};
		BCA2DC7C188A4CF600667BB9 /* Release */ = {
			isa = XCBuildConfiguration;
			buildSettings = {
				ARCHS = "$(ARCHS_STANDARD_INCLUDING_64_BIT)";
				BUNDLE_LOADER = "$(BUILT_PRODUCTS_DIR)/AutoJuke.app/AutoJuke";
				FRAMEWORK_SEARCH_PATHS = (
					"$(SDKROOT)/Developer/Library/Frameworks",
					"$(inherited)",
					"$(DEVELOPER_FRAMEWORKS_DIR)",
				);
				GCC_PRECOMPILE_PREFIX_HEADER = YES;
				GCC_PREFIX_HEADER = "AutoJuke/AutoJuke-Prefix.pch";
				INFOPLIST_FILE = "AutoJukeTests/AutoJukeTests-Info.plist";
				PRODUCT_NAME = "$(TARGET_NAME)";
				TEST_HOST = "$(BUNDLE_LOADER)";
				WRAPPER_EXTENSION = xctest;
			};
			name = Release;
		};
/* End XCBuildConfiguration section */

/* Begin XCConfigurationList section */
		BCA2DC40188A4CF600667BB9 /* Build configuration list for PBXProject "AutoJuke" */ = {
			isa = XCConfigurationList;
			buildConfigurations = (
				BCA2DC75188A4CF600667BB9 /* Debug */,
				BCA2DC76188A4CF600667BB9 /* Release */,
			);
			defaultConfigurationIsVisible = 0;
			defaultConfigurationName = Release;
		};
		BCA2DC77188A4CF600667BB9 /* Build configuration list for PBXNativeTarget "AutoJuke" */ = {
			isa = XCConfigurationList;
			buildConfigurations = (
				BCA2DC78188A4CF600667BB9 /* Debug */,
				BCA2DC79188A4CF600667BB9 /* Release */,
			);
			defaultConfigurationIsVisible = 0;
			defaultConfigurationName = Release;
		};
		BCA2DC7A188A4CF600667BB9 /* Build configuration list for PBXNativeTarget "AutoJukeTests" */ = {
			isa = XCConfigurationList;
			buildConfigurations = (
				BCA2DC7B188A4CF600667BB9 /* Debug */,
				BCA2DC7C188A4CF600667BB9 /* Release */,
			);
			defaultConfigurationIsVisible = 0;
			defaultConfigurationName = Release;
		};
/* End XCConfigurationList section */
	};
	rootObject = BCA2DC3D188A4CF600667BB9 /* Project object */;
}
