// !$*UTF8*$!
{
	archiveVersion = 1;
	classes = {
	};
	objectVersion = 46;
	objects = {

/* Begin PBXBuildFile section */
		11E57348188A206200742422 /* Foundation.framework in Frameworks */ = {isa = PBXBuildFile; fileRef = 11E57347188A206200742422 /* Foundation.framework */; };
		11E5734A188A206200742422 /* CoreGraphics.framework in Frameworks */ = {isa = PBXBuildFile; fileRef = 11E57349188A206200742422 /* CoreGraphics.framework */; };
		11E5734C188A206200742422 /* UIKit.framework in Frameworks */ = {isa = PBXBuildFile; fileRef = 11E5734B188A206200742422 /* UIKit.framework */; };
		11E57352188A206200742422 /* InfoPlist.strings in Resources */ = {isa = PBXBuildFile; fileRef = 11E57350188A206200742422 /* InfoPlist.strings */; };
		11E57354188A206200742422 /* main.m in Sources */ = {isa = PBXBuildFile; fileRef = 11E57353188A206200742422 /* main.m */; };
		11E57358188A206200742422 /* AppDelegate.m in Sources */ = {isa = PBXBuildFile; fileRef = 11E57357188A206200742422 /* AppDelegate.m */; };
		11E5735B188A206200742422 /* Main.storyboard in Resources */ = {isa = PBXBuildFile; fileRef = 11E57359188A206200742422 /* Main.storyboard */; };
		11E5735E188A206200742422 /* ViewController.m in Sources */ = {isa = PBXBuildFile; fileRef = 11E5735D188A206200742422 /* ViewController.m */; };
		11E57360188A206200742422 /* Images.xcassets in Resources */ = {isa = PBXBuildFile; fileRef = 11E5735F188A206200742422 /* Images.xcassets */; };
		11E57367188A206200742422 /* XCTest.framework in Frameworks */ = {isa = PBXBuildFile; fileRef = 11E57366188A206200742422 /* XCTest.framework */; };
		11E57368188A206200742422 /* Foundation.framework in Frameworks */ = {isa = PBXBuildFile; fileRef = 11E57347188A206200742422 /* Foundation.framework */; };
		11E57369188A206200742422 /* UIKit.framework in Frameworks */ = {isa = PBXBuildFile; fileRef = 11E5734B188A206200742422 /* UIKit.framework */; };
		11E57371188A206200742422 /* InfoPlist.strings in Resources */ = {isa = PBXBuildFile; fileRef = 11E5736F188A206200742422 /* InfoPlist.strings */; };
		11E57373188A206200742422 /* AutoJukeTests.m in Sources */ = {isa = PBXBuildFile; fileRef = 11E57372188A206200742422 /* AutoJukeTests.m */; };
		11E5737D188A209E00742422 /* SystemConfiguration.framework in Frameworks */ = {isa = PBXBuildFile; fileRef = 11E5737C188A209E00742422 /* SystemConfiguration.framework */; };
		11E5737F188A20A400742422 /* CFNetwork.framework in Frameworks */ = {isa = PBXBuildFile; fileRef = 11E5737E188A20A400742422 /* CFNetwork.framework */; };
		11E57381188A20AD00742422 /* libstdc++.dylib in Frameworks */ = {isa = PBXBuildFile; fileRef = 11E57380188A20AD00742422 /* libstdc++.dylib */; };
		11E57383188A20B300742422 /* CoreAudio.framework in Frameworks */ = {isa = PBXBuildFile; fileRef = 11E57382188A20B300742422 /* CoreAudio.framework */; };
		11E57385188A20B900742422 /* AudioToolbox.framework in Frameworks */ = {isa = PBXBuildFile; fileRef = 11E57384188A20B900742422 /* AudioToolbox.framework */; };
		11E57387188A20BF00742422 /* AVFoundation.framework in Frameworks */ = {isa = PBXBuildFile; fileRef = 11E57386188A20BF00742422 /* AVFoundation.framework */; };
		11E57389188A20C500742422 /* Security.framework in Frameworks */ = {isa = PBXBuildFile; fileRef = 11E57388188A20C500742422 /* Security.framework */; };
		11E573A6188A2DF200742422 /* SPLoginResources.bundle in Resources */ = {isa = PBXBuildFile; fileRef = 11E573A5188A2DF200742422 /* SPLoginResources.bundle */; };
		11E573AA188A389F00742422 /* libCocoaLibSpotify.a in Frameworks */ = {isa = PBXBuildFile; fileRef = 11E573A9188A389F00742422 /* libCocoaLibSpotify.a */; };
/* End PBXBuildFile section */

/* Begin PBXContainerItemProxy section */
		11E5736A188A206200742422 /* PBXContainerItemProxy */ = {
			isa = PBXContainerItemProxy;
			containerPortal = 11E5733C188A206100742422 /* Project object */;
			proxyType = 1;
			remoteGlobalIDString = 11E57343188A206100742422;
			remoteInfo = AutoJuke;
		};
/* End PBXContainerItemProxy section */

/* Begin PBXFileReference section */
		11E57344188A206100742422 /* AutoJuke.app */ = {isa = PBXFileReference; explicitFileType = wrapper.application; includeInIndex = 0; path = AutoJuke.app; sourceTree = BUILT_PRODUCTS_DIR; };
		11E57347188A206200742422 /* Foundation.framework */ = {isa = PBXFileReference; lastKnownFileType = wrapper.framework; name = Foundation.framework; path = System/Library/Frameworks/Foundation.framework; sourceTree = SDKROOT; };
		11E57349188A206200742422 /* CoreGraphics.framework */ = {isa = PBXFileReference; lastKnownFileType = wrapper.framework; name = CoreGraphics.framework; path = System/Library/Frameworks/CoreGraphics.framework; sourceTree = SDKROOT; };
		11E5734B188A206200742422 /* UIKit.framework */ = {isa = PBXFileReference; lastKnownFileType = wrapper.framework; name = UIKit.framework; path = System/Library/Frameworks/UIKit.framework; sourceTree = SDKROOT; };
		11E5734F188A206200742422 /* AutoJuke-Info.plist */ = {isa = PBXFileReference; lastKnownFileType = text.plist.xml; path = "AutoJuke-Info.plist"; sourceTree = "<group>"; };
		11E57351188A206200742422 /* en */ = {isa = PBXFileReference; lastKnownFileType = text.plist.strings; name = en; path = en.lproj/InfoPlist.strings; sourceTree = "<group>"; };
		11E57353188A206200742422 /* main.m */ = {isa = PBXFileReference; lastKnownFileType = sourcecode.c.objc; path = main.m; sourceTree = "<group>"; };
		11E57355188A206200742422 /* AutoJuke-Prefix.pch */ = {isa = PBXFileReference; lastKnownFileType = sourcecode.c.h; path = "AutoJuke-Prefix.pch"; sourceTree = "<group>"; };
		11E57356188A206200742422 /* AppDelegate.h */ = {isa = PBXFileReference; lastKnownFileType = sourcecode.c.h; path = AppDelegate.h; sourceTree = "<group>"; };
		11E57357188A206200742422 /* AppDelegate.m */ = {isa = PBXFileReference; lastKnownFileType = sourcecode.c.objc; path = AppDelegate.m; sourceTree = "<group>"; };
		11E5735A188A206200742422 /* Base */ = {isa = PBXFileReference; lastKnownFileType = file.storyboard; name = Base; path = Base.lproj/Main.storyboard; sourceTree = "<group>"; };
		11E5735C188A206200742422 /* ViewController.h */ = {isa = PBXFileReference; lastKnownFileType = sourcecode.c.h; path = ViewController.h; sourceTree = "<group>"; };
		11E5735D188A206200742422 /* ViewController.m */ = {isa = PBXFileReference; lastKnownFileType = sourcecode.c.objc; path = ViewController.m; sourceTree = "<group>"; };
		11E5735F188A206200742422 /* Images.xcassets */ = {isa = PBXFileReference; lastKnownFileType = folder.assetcatalog; path = Images.xcassets; sourceTree = "<group>"; };
		11E57365188A206200742422 /* AutoJukeTests.xctest */ = {isa = PBXFileReference; explicitFileType = wrapper.cfbundle; includeInIndex = 0; path = AutoJukeTests.xctest; sourceTree = BUILT_PRODUCTS_DIR; };
		11E57366188A206200742422 /* XCTest.framework */ = {isa = PBXFileReference; lastKnownFileType = wrapper.framework; name = XCTest.framework; path = Library/Frameworks/XCTest.framework; sourceTree = DEVELOPER_DIR; };
		11E5736E188A206200742422 /* AutoJukeTests-Info.plist */ = {isa = PBXFileReference; lastKnownFileType = text.plist.xml; path = "AutoJukeTests-Info.plist"; sourceTree = "<group>"; };
		11E57370188A206200742422 /* en */ = {isa = PBXFileReference; lastKnownFileType = text.plist.strings; name = en; path = en.lproj/InfoPlist.strings; sourceTree = "<group>"; };
		11E57372188A206200742422 /* AutoJukeTests.m */ = {isa = PBXFileReference; lastKnownFileType = sourcecode.c.objc; path = AutoJukeTests.m; sourceTree = "<group>"; };
		11E5737C188A209E00742422 /* SystemConfiguration.framework */ = {isa = PBXFileReference; lastKnownFileType = wrapper.framework; name = SystemConfiguration.framework; path = System/Library/Frameworks/SystemConfiguration.framework; sourceTree = SDKROOT; };
		11E5737E188A20A400742422 /* CFNetwork.framework */ = {isa = PBXFileReference; lastKnownFileType = wrapper.framework; name = CFNetwork.framework; path = System/Library/Frameworks/CFNetwork.framework; sourceTree = SDKROOT; };
		11E57380188A20AD00742422 /* libstdc++.dylib */ = {isa = PBXFileReference; lastKnownFileType = "compiled.mach-o.dylib"; name = "libstdc++.dylib"; path = "usr/lib/libstdc++.dylib"; sourceTree = SDKROOT; };
		11E57382188A20B300742422 /* CoreAudio.framework */ = {isa = PBXFileReference; lastKnownFileType = wrapper.framework; name = CoreAudio.framework; path = System/Library/Frameworks/CoreAudio.framework; sourceTree = SDKROOT; };
		11E57384188A20B900742422 /* AudioToolbox.framework */ = {isa = PBXFileReference; lastKnownFileType = wrapper.framework; name = AudioToolbox.framework; path = System/Library/Frameworks/AudioToolbox.framework; sourceTree = SDKROOT; };
		11E57386188A20BF00742422 /* AVFoundation.framework */ = {isa = PBXFileReference; lastKnownFileType = wrapper.framework; name = AVFoundation.framework; path = System/Library/Frameworks/AVFoundation.framework; sourceTree = SDKROOT; };
		11E57388188A20C500742422 /* Security.framework */ = {isa = PBXFileReference; lastKnownFileType = wrapper.framework; name = Security.framework; path = System/Library/Frameworks/Security.framework; sourceTree = SDKROOT; };
		11E573A5188A2DF200742422 /* SPLoginResources.bundle */ = {isa = PBXFileReference; lastKnownFileType = "wrapper.plug-in"; path = SPLoginResources.bundle; sourceTree = "<group>"; };
		11E573A9188A389F00742422 /* libCocoaLibSpotify.a */ = {isa = PBXFileReference; lastKnownFileType = archive.ar; path = libCocoaLibSpotify.a; sourceTree = "<group>"; };
		11E573CC188A3C5600742422 /* api.h */ = {isa = PBXFileReference; fileEncoding = 4; lastKnownFileType = sourcecode.c.h; path = api.h; sourceTree = "<group>"; };
		11E573CD188A3C7C00742422 /* CocoaLibSpotify.h */ = {isa = PBXFileReference; fileEncoding = 4; lastKnownFileType = sourcecode.c.h; path = CocoaLibSpotify.h; sourceTree = "<group>"; };
		11E573CE188A3C7C00742422 /* CocoaLibSpotifyPlatformImports.h */ = {isa = PBXFileReference; fileEncoding = 4; lastKnownFileType = sourcecode.c.h; path = CocoaLibSpotifyPlatformImports.h; sourceTree = "<group>"; };
		11E573CF188A3C7C00742422 /* SPAlbum.h */ = {isa = PBXFileReference; fileEncoding = 4; lastKnownFileType = sourcecode.c.h; path = SPAlbum.h; sourceTree = "<group>"; };
		11E573D0188A3C7C00742422 /* SPAlbumBrowse.h */ = {isa = PBXFileReference; fileEncoding = 4; lastKnownFileType = sourcecode.c.h; path = SPAlbumBrowse.h; sourceTree = "<group>"; };
		11E573D1188A3C7C00742422 /* SPArtist.h */ = {isa = PBXFileReference; fileEncoding = 4; lastKnownFileType = sourcecode.c.h; path = SPArtist.h; sourceTree = "<group>"; };
		11E573D2188A3C7C00742422 /* SPArtistBrowse.h */ = {isa = PBXFileReference; fileEncoding = 4; lastKnownFileType = sourcecode.c.h; path = SPArtistBrowse.h; sourceTree = "<group>"; };
		11E573D3188A3C7C00742422 /* SPAsyncLoading.h */ = {isa = PBXFileReference; fileEncoding = 4; lastKnownFileType = sourcecode.c.h; path = SPAsyncLoading.h; sourceTree = "<group>"; };
		11E573D4188A3C7C00742422 /* SPCircularBuffer.h */ = {isa = PBXFileReference; fileEncoding = 4; lastKnownFileType = sourcecode.c.h; path = SPCircularBuffer.h; sourceTree = "<group>"; };
		11E573D5188A3C7C00742422 /* SPCommon.h */ = {isa = PBXFileReference; fileEncoding = 4; lastKnownFileType = sourcecode.c.h; path = SPCommon.h; sourceTree = "<group>"; };
		11E573D6188A3C7C00742422 /* SPCoreAudioController.h */ = {isa = PBXFileReference; fileEncoding = 4; lastKnownFileType = sourcecode.c.h; path = SPCoreAudioController.h; sourceTree = "<group>"; };
		11E573D7188A3C7C00742422 /* SPErrorExtensions.h */ = {isa = PBXFileReference; fileEncoding = 4; lastKnownFileType = sourcecode.c.h; path = SPErrorExtensions.h; sourceTree = "<group>"; };
		11E573D8188A3C7C00742422 /* SPImage.h */ = {isa = PBXFileReference; fileEncoding = 4; lastKnownFileType = sourcecode.c.h; path = SPImage.h; sourceTree = "<group>"; };
		11E573D9188A3C7C00742422 /* SPPlaybackManager.h */ = {isa = PBXFileReference; fileEncoding = 4; lastKnownFileType = sourcecode.c.h; path = SPPlaybackManager.h; sourceTree = "<group>"; };
		11E573DA188A3C7C00742422 /* SPPlaylist.h */ = {isa = PBXFileReference; fileEncoding = 4; lastKnownFileType = sourcecode.c.h; path = SPPlaylist.h; sourceTree = "<group>"; };
		11E573DB188A3C7C00742422 /* SPPlaylistContainer.h */ = {isa = PBXFileReference; fileEncoding = 4; lastKnownFileType = sourcecode.c.h; path = SPPlaylistContainer.h; sourceTree = "<group>"; };
		11E573DC188A3C7C00742422 /* SPPlaylistContainerInternal.h */ = {isa = PBXFileReference; fileEncoding = 4; lastKnownFileType = sourcecode.c.h; path = SPPlaylistContainerInternal.h; sourceTree = "<group>"; };
		11E573DD188A3C7C00742422 /* SPPlaylistFolder.h */ = {isa = PBXFileReference; fileEncoding = 4; lastKnownFileType = sourcecode.c.h; path = SPPlaylistFolder.h; sourceTree = "<group>"; };
		11E573DE188A3C7C00742422 /* SPPlaylistFolderInternal.h */ = {isa = PBXFileReference; fileEncoding = 4; lastKnownFileType = sourcecode.c.h; path = SPPlaylistFolderInternal.h; sourceTree = "<group>"; };
		11E573DF188A3C7C00742422 /* SPPlaylistInternal.h */ = {isa = PBXFileReference; fileEncoding = 4; lastKnownFileType = sourcecode.c.h; path = SPPlaylistInternal.h; sourceTree = "<group>"; };
		11E573E0188A3C7C00742422 /* SPPlaylistItem.h */ = {isa = PBXFileReference; fileEncoding = 4; lastKnownFileType = sourcecode.c.h; path = SPPlaylistItem.h; sourceTree = "<group>"; };
		11E573E1188A3C7C00742422 /* SPPlaylistItemInternal.h */ = {isa = PBXFileReference; fileEncoding = 4; lastKnownFileType = sourcecode.c.h; path = SPPlaylistItemInternal.h; sourceTree = "<group>"; };
		11E573E2188A3C7C00742422 /* SPPostTracksToInboxOperation.h */ = {isa = PBXFileReference; fileEncoding = 4; lastKnownFileType = sourcecode.c.h; path = SPPostTracksToInboxOperation.h; sourceTree = "<group>"; };
		11E573E3188A3C7C00742422 /* SPSearch.h */ = {isa = PBXFileReference; fileEncoding = 4; lastKnownFileType = sourcecode.c.h; path = SPSearch.h; sourceTree = "<group>"; };
		11E573E4188A3C7C00742422 /* SPSession.h */ = {isa = PBXFileReference; fileEncoding = 4; lastKnownFileType = sourcecode.c.h; path = SPSession.h; sourceTree = "<group>"; };
		11E573E5188A3C7C00742422 /* SPSessionInternal.h */ = {isa = PBXFileReference; fileEncoding = 4; lastKnownFileType = sourcecode.c.h; path = SPSessionInternal.h; sourceTree = "<group>"; };
		11E573E6188A3C7C00742422 /* SPToplist.h */ = {isa = PBXFileReference; fileEncoding = 4; lastKnownFileType = sourcecode.c.h; path = SPToplist.h; sourceTree = "<group>"; };
		11E573E7188A3C7C00742422 /* SPTrack.h */ = {isa = PBXFileReference; fileEncoding = 4; lastKnownFileType = sourcecode.c.h; path = SPTrack.h; sourceTree = "<group>"; };
		11E573E8188A3C7C00742422 /* SPTrackInternal.h */ = {isa = PBXFileReference; fileEncoding = 4; lastKnownFileType = sourcecode.c.h; path = SPTrackInternal.h; sourceTree = "<group>"; };
		11E573E9188A3C7C00742422 /* SPUnknownPlaylist.h */ = {isa = PBXFileReference; fileEncoding = 4; lastKnownFileType = sourcecode.c.h; path = SPUnknownPlaylist.h; sourceTree = "<group>"; };
		11E573EA188A3C7C00742422 /* SPURLExtensions.h */ = {isa = PBXFileReference; fileEncoding = 4; lastKnownFileType = sourcecode.c.h; path = SPURLExtensions.h; sourceTree = "<group>"; };
		11E573EB188A3C7C00742422 /* SPUser.h */ = {isa = PBXFileReference; fileEncoding = 4; lastKnownFileType = sourcecode.c.h; path = SPUser.h; sourceTree = "<group>"; };
		11E573EC188A3CE400742422 /* SPClientUpsellViewController.h */ = {isa = PBXFileReference; fileEncoding = 4; lastKnownFileType = sourcecode.c.h; path = SPClientUpsellViewController.h; sourceTree = "<group>"; };
		11E573ED188A3CE400742422 /* SPFacebookPermissionsViewController.h */ = {isa = PBXFileReference; fileEncoding = 4; lastKnownFileType = sourcecode.c.h; path = SPFacebookPermissionsViewController.h; sourceTree = "<group>"; };
		11E573EE188A3CE400742422 /* SPLicenseViewController.h */ = {isa = PBXFileReference; fileEncoding = 4; lastKnownFileType = sourcecode.c.h; path = SPLicenseViewController.h; sourceTree = "<group>"; };
		11E573EF188A3CE400742422 /* SPLoginLogicViewController.h */ = {isa = PBXFileReference; fileEncoding = 4; lastKnownFileType = sourcecode.c.h; path = SPLoginLogicViewController.h; sourceTree = "<group>"; };
		11E573F0188A3CE400742422 /* SPLoginViewController.h */ = {isa = PBXFileReference; fileEncoding = 4; lastKnownFileType = sourcecode.c.h; path = SPLoginViewController.h; sourceTree = "<group>"; };
		11E573F1188A3CE400742422 /* SPLoginViewControllerInternal.h */ = {isa = PBXFileReference; fileEncoding = 4; lastKnownFileType = sourcecode.c.h; path = SPLoginViewControllerInternal.h; sourceTree = "<group>"; };
		11E573F2188A3CE400742422 /* SPSignupViewController.h */ = {isa = PBXFileReference; fileEncoding = 4; lastKnownFileType = sourcecode.c.h; path = SPSignupViewController.h; sourceTree = "<group>"; };
/* End PBXFileReference section */

/* Begin PBXFrameworksBuildPhase section */
		11E57341188A206100742422 /* Frameworks */ = {
			isa = PBXFrameworksBuildPhase;
			buildActionMask = 2147483647;
			files = (
				11E57389188A20C500742422 /* Security.framework in Frameworks */,
				11E57387188A20BF00742422 /* AVFoundation.framework in Frameworks */,
				11E57385188A20B900742422 /* AudioToolbox.framework in Frameworks */,
				11E57383188A20B300742422 /* CoreAudio.framework in Frameworks */,
				11E57381188A20AD00742422 /* libstdc++.dylib in Frameworks */,
				11E5737F188A20A400742422 /* CFNetwork.framework in Frameworks */,
				11E5737D188A209E00742422 /* SystemConfiguration.framework in Frameworks */,
				11E573AA188A389F00742422 /* libCocoaLibSpotify.a in Frameworks */,
				11E5734A188A206200742422 /* CoreGraphics.framework in Frameworks */,
				11E5734C188A206200742422 /* UIKit.framework in Frameworks */,
				11E57348188A206200742422 /* Foundation.framework in Frameworks */,
			);
			runOnlyForDeploymentPostprocessing = 0;
		};
		11E57362188A206200742422 /* Frameworks */ = {
			isa = PBXFrameworksBuildPhase;
			buildActionMask = 2147483647;
			files = (
				11E57367188A206200742422 /* XCTest.framework in Frameworks */,
				11E57369188A206200742422 /* UIKit.framework in Frameworks */,
				11E57368188A206200742422 /* Foundation.framework in Frameworks */,
			);
			runOnlyForDeploymentPostprocessing = 0;
		};
/* End PBXFrameworksBuildPhase section */

/* Begin PBXGroup section */
		11E5733B188A206100742422 = {
			isa = PBXGroup;
			children = (
				11E5734D188A206200742422 /* AutoJuke */,
				11E5736C188A206200742422 /* AutoJukeTests */,
				11E57346188A206200742422 /* Frameworks */,
				11E57345188A206100742422 /* Products */,
			);
			sourceTree = "<group>";
		};
		11E57345188A206100742422 /* Products */ = {
			isa = PBXGroup;
			children = (
				11E57344188A206100742422 /* AutoJuke.app */,
				11E57365188A206200742422 /* AutoJukeTests.xctest */,
			);
			name = Products;
			sourceTree = "<group>";
		};
		11E57346188A206200742422 /* Frameworks */ = {
			isa = PBXGroup;
			children = (
				11E573A9188A389F00742422 /* libCocoaLibSpotify.a */,
				11E573A5188A2DF200742422 /* SPLoginResources.bundle */,
				11E57388188A20C500742422 /* Security.framework */,
				11E57386188A20BF00742422 /* AVFoundation.framework */,
				11E57384188A20B900742422 /* AudioToolbox.framework */,
				11E57382188A20B300742422 /* CoreAudio.framework */,
				11E57380188A20AD00742422 /* libstdc++.dylib */,
				11E5737E188A20A400742422 /* CFNetwork.framework */,
				11E5737C188A209E00742422 /* SystemConfiguration.framework */,
				11E57347188A206200742422 /* Foundation.framework */,
				11E57349188A206200742422 /* CoreGraphics.framework */,
				11E5734B188A206200742422 /* UIKit.framework */,
				11E57366188A206200742422 /* XCTest.framework */,
			);
			name = Frameworks;
			sourceTree = "<group>";
		};
		11E5734D188A206200742422 /* AutoJuke */ = {
			isa = PBXGroup;
			children = (
				11E573AB188A3A6000742422 /* cocoaLibSpotify */,
				11E57356188A206200742422 /* AppDelegate.h */,
				11E57357188A206200742422 /* AppDelegate.m */,
				11E57359188A206200742422 /* Main.storyboard */,
				11E5735C188A206200742422 /* ViewController.h */,
				11E5735D188A206200742422 /* ViewController.m */,
				11E5735F188A206200742422 /* Images.xcassets */,
				11E5734E188A206200742422 /* Supporting Files */,
			);
			path = AutoJuke;
			sourceTree = "<group>";
		};
		11E5734E188A206200742422 /* Supporting Files */ = {
			isa = PBXGroup;
			children = (
				11E5734F188A206200742422 /* AutoJuke-Info.plist */,
				11E57350188A206200742422 /* InfoPlist.strings */,
				11E57353188A206200742422 /* main.m */,
				11E57355188A206200742422 /* AutoJuke-Prefix.pch */,
			);
			name = "Supporting Files";
			sourceTree = "<group>";
		};
		11E5736C188A206200742422 /* AutoJukeTests */ = {
			isa = PBXGroup;
			children = (
				11E57372188A206200742422 /* AutoJukeTests.m */,
				11E5736D188A206200742422 /* Supporting Files */,
			);
			path = AutoJukeTests;
			sourceTree = "<group>";
		};
		11E5736D188A206200742422 /* Supporting Files */ = {
			isa = PBXGroup;
			children = (
				11E5736E188A206200742422 /* AutoJukeTests-Info.plist */,
				11E5736F188A206200742422 /* InfoPlist.strings */,
			);
			name = "Supporting Files";
			sourceTree = "<group>";
		};
		11E573AB188A3A6000742422 /* cocoaLibSpotify */ = {
			isa = PBXGroup;
			children = (
				11E573EC188A3CE400742422 /* SPClientUpsellViewController.h */,
				11E573ED188A3CE400742422 /* SPFacebookPermissionsViewController.h */,
				11E573EE188A3CE400742422 /* SPLicenseViewController.h */,
				11E573EF188A3CE400742422 /* SPLoginLogicViewController.h */,
				11E573F0188A3CE400742422 /* SPLoginViewController.h */,
				11E573F1188A3CE400742422 /* SPLoginViewControllerInternal.h */,
				11E573F2188A3CE400742422 /* SPSignupViewController.h */,
				11E573CD188A3C7C00742422 /* CocoaLibSpotify.h */,
				11E573CE188A3C7C00742422 /* CocoaLibSpotifyPlatformImports.h */,
				11E573CF188A3C7C00742422 /* SPAlbum.h */,
				11E573D0188A3C7C00742422 /* SPAlbumBrowse.h */,
				11E573D1188A3C7C00742422 /* SPArtist.h */,
				11E573D2188A3C7C00742422 /* SPArtistBrowse.h */,
				11E573D3188A3C7C00742422 /* SPAsyncLoading.h */,
				11E573D4188A3C7C00742422 /* SPCircularBuffer.h */,
				11E573D5188A3C7C00742422 /* SPCommon.h */,
				11E573D6188A3C7C00742422 /* SPCoreAudioController.h */,
				11E573D7188A3C7C00742422 /* SPErrorExtensions.h */,
				11E573D8188A3C7C00742422 /* SPImage.h */,
				11E573D9188A3C7C00742422 /* SPPlaybackManager.h */,
				11E573DA188A3C7C00742422 /* SPPlaylist.h */,
				11E573DB188A3C7C00742422 /* SPPlaylistContainer.h */,
				11E573DC188A3C7C00742422 /* SPPlaylistContainerInternal.h */,
				11E573DD188A3C7C00742422 /* SPPlaylistFolder.h */,
				11E573DE188A3C7C00742422 /* SPPlaylistFolderInternal.h */,
				11E573DF188A3C7C00742422 /* SPPlaylistInternal.h */,
				11E573E0188A3C7C00742422 /* SPPlaylistItem.h */,
				11E573E1188A3C7C00742422 /* SPPlaylistItemInternal.h */,
				11E573E2188A3C7C00742422 /* SPPostTracksToInboxOperation.h */,
				11E573E3188A3C7C00742422 /* SPSearch.h */,
				11E573E4188A3C7C00742422 /* SPSession.h */,
				11E573E5188A3C7C00742422 /* SPSessionInternal.h */,
				11E573E6188A3C7C00742422 /* SPToplist.h */,
				11E573E7188A3C7C00742422 /* SPTrack.h */,
				11E573E8188A3C7C00742422 /* SPTrackInternal.h */,
				11E573E9188A3C7C00742422 /* SPUnknownPlaylist.h */,
				11E573EA188A3C7C00742422 /* SPURLExtensions.h */,
				11E573EB188A3C7C00742422 /* SPUser.h */,
				11E573CC188A3C5600742422 /* api.h */,
			);
			name = cocoaLibSpotify;
			sourceTree = "<group>";
		};
/* End PBXGroup section */

/* Begin PBXNativeTarget section */
		11E57343188A206100742422 /* AutoJuke */ = {
			isa = PBXNativeTarget;
			buildConfigurationList = 11E57376188A206200742422 /* Build configuration list for PBXNativeTarget "AutoJuke" */;
			buildPhases = (
				11E57340188A206100742422 /* Sources */,
				11E57341188A206100742422 /* Frameworks */,
				11E57342188A206100742422 /* Resources */,
			);
			buildRules = (
			);
			dependencies = (
			);
			name = AutoJuke;
			productName = AutoJuke;
			productReference = 11E57344188A206100742422 /* AutoJuke.app */;
			productType = "com.apple.product-type.application";
		};
		11E57364188A206200742422 /* AutoJukeTests */ = {
			isa = PBXNativeTarget;
			buildConfigurationList = 11E57379188A206200742422 /* Build configuration list for PBXNativeTarget "AutoJukeTests" */;
			buildPhases = (
				11E57361188A206200742422 /* Sources */,
				11E57362188A206200742422 /* Frameworks */,
				11E57363188A206200742422 /* Resources */,
			);
			buildRules = (
			);
			dependencies = (
				11E5736B188A206200742422 /* PBXTargetDependency */,
			);
			name = AutoJukeTests;
			productName = AutoJukeTests;
			productReference = 11E57365188A206200742422 /* AutoJukeTests.xctest */;
			productType = "com.apple.product-type.bundle.unit-test";
		};
/* End PBXNativeTarget section */

/* Begin PBXProject section */
		11E5733C188A206100742422 /* Project object */ = {
			isa = PBXProject;
			attributes = {
				LastUpgradeCheck = 0500;
				ORGANIZATIONNAME = "Steve John Vitali";
				TargetAttributes = {
					11E57364188A206200742422 = {
						TestTargetID = 11E57343188A206100742422;
					};
				};
			};
			buildConfigurationList = 11E5733F188A206100742422 /* Build configuration list for PBXProject "AutoJuke" */;
			compatibilityVersion = "Xcode 3.2";
			developmentRegion = English;
			hasScannedForEncodings = 0;
			knownRegions = (
				en,
				Base,
			);
			mainGroup = 11E5733B188A206100742422;
			productRefGroup = 11E57345188A206100742422 /* Products */;
			projectDirPath = "";
			projectRoot = "";
			targets = (
				11E57343188A206100742422 /* AutoJuke */,
				11E57364188A206200742422 /* AutoJukeTests */,
			);
		};
/* End PBXProject section */

/* Begin PBXResourcesBuildPhase section */
		11E57342188A206100742422 /* Resources */ = {
			isa = PBXResourcesBuildPhase;
			buildActionMask = 2147483647;
			files = (
				11E573A6188A2DF200742422 /* SPLoginResources.bundle in Resources */,
				11E57360188A206200742422 /* Images.xcassets in Resources */,
				11E57352188A206200742422 /* InfoPlist.strings in Resources */,
				11E5735B188A206200742422 /* Main.storyboard in Resources */,
			);
			runOnlyForDeploymentPostprocessing = 0;
		};
		11E57363188A206200742422 /* Resources */ = {
			isa = PBXResourcesBuildPhase;
			buildActionMask = 2147483647;
			files = (
				11E57371188A206200742422 /* InfoPlist.strings in Resources */,
			);
			runOnlyForDeploymentPostprocessing = 0;
		};
/* End PBXResourcesBuildPhase section */

/* Begin PBXSourcesBuildPhase section */
		11E57340188A206100742422 /* Sources */ = {
			isa = PBXSourcesBuildPhase;
			buildActionMask = 2147483647;
			files = (
				11E5735E188A206200742422 /* ViewController.m in Sources */,
				11E57358188A206200742422 /* AppDelegate.m in Sources */,
				11E57354188A206200742422 /* main.m in Sources */,
			);
			runOnlyForDeploymentPostprocessing = 0;
		};
		11E57361188A206200742422 /* Sources */ = {
			isa = PBXSourcesBuildPhase;
			buildActionMask = 2147483647;
			files = (
				11E57373188A206200742422 /* AutoJukeTests.m in Sources */,
			);
			runOnlyForDeploymentPostprocessing = 0;
		};
/* End PBXSourcesBuildPhase section */

/* Begin PBXTargetDependency section */
		11E5736B188A206200742422 /* PBXTargetDependency */ = {
			isa = PBXTargetDependency;
			target = 11E57343188A206100742422 /* AutoJuke */;
			targetProxy = 11E5736A188A206200742422 /* PBXContainerItemProxy */;
		};
/* End PBXTargetDependency section */

/* Begin PBXVariantGroup section */
		11E57350188A206200742422 /* InfoPlist.strings */ = {
			isa = PBXVariantGroup;
			children = (
				11E57351188A206200742422 /* en */,
			);
			name = InfoPlist.strings;
			sourceTree = "<group>";
		};
		11E57359188A206200742422 /* Main.storyboard */ = {
			isa = PBXVariantGroup;
			children = (
				11E5735A188A206200742422 /* Base */,
			);
			name = Main.storyboard;
			sourceTree = "<group>";
		};
		11E5736F188A206200742422 /* InfoPlist.strings */ = {
			isa = PBXVariantGroup;
			children = (
				11E57370188A206200742422 /* en */,
			);
			name = InfoPlist.strings;
			sourceTree = "<group>";
		};
/* End PBXVariantGroup section */

/* Begin XCBuildConfiguration section */
		11E57374188A206200742422 /* Debug */ = {
			isa = XCBuildConfiguration;
			buildSettings = {
				ALWAYS_SEARCH_USER_PATHS = YES;
				ARCHS = "$(ARCHS_STANDARD_INCLUDING_64_BIT)";
				CLANG_CXX_LANGUAGE_STANDARD = "gnu++0x";
				CLANG_CXX_LIBRARY = "libc++";
				CLANG_ENABLE_MODULES = YES;
				CLANG_ENABLE_OBJC_ARC = YES;
				CLANG_WARN_BOOL_CONVERSION = YES;
				CLANG_WARN_CONSTANT_CONVERSION = YES;
				CLANG_WARN_DIRECT_OBJC_ISA_USAGE = YES_ERROR;
				CLANG_WARN_EMPTY_BODY = YES;
				CLANG_WARN_ENUM_CONVERSION = YES;
				CLANG_WARN_INT_CONVERSION = YES;
				CLANG_WARN_OBJC_ROOT_CLASS = YES_ERROR;
				CLANG_WARN__DUPLICATE_METHOD_MATCH = YES;
				"CODE_SIGN_IDENTITY[sdk=iphoneos*]" = "iPhone Developer";
				COPY_PHASE_STRIP = NO;
				GCC_C_LANGUAGE_STANDARD = gnu99;
				GCC_DYNAMIC_NO_PIC = NO;
				GCC_OPTIMIZATION_LEVEL = 0;
				GCC_PREPROCESSOR_DEFINITIONS = (
					"DEBUG=1",
					"$(inherited)",
				);
				GCC_SYMBOLS_PRIVATE_EXTERN = NO;
				GCC_WARN_64_TO_32_BIT_CONVERSION = YES;
				GCC_WARN_ABOUT_RETURN_TYPE = YES_ERROR;
				GCC_WARN_UNDECLARED_SELECTOR = YES;
				GCC_WARN_UNINITIALIZED_AUTOS = YES;
				GCC_WARN_UNUSED_FUNCTION = YES;
				GCC_WARN_UNUSED_VARIABLE = YES;
				IPHONEOS_DEPLOYMENT_TARGET = 6.0;
				ONLY_ACTIVE_ARCH = YES;
				OTHER_CFLAGS = "";
				SDKROOT = iphoneos;
			};
			name = Debug;
		};
		11E57375188A206200742422 /* Release */ = {
			isa = XCBuildConfiguration;
			buildSettings = {
				ALWAYS_SEARCH_USER_PATHS = YES;
				ARCHS = "$(ARCHS_STANDARD_INCLUDING_64_BIT)";
				CLANG_CXX_LANGUAGE_STANDARD = "gnu++0x";
				CLANG_CXX_LIBRARY = "libc++";
				CLANG_ENABLE_MODULES = YES;
				CLANG_ENABLE_OBJC_ARC = YES;
				CLANG_WARN_BOOL_CONVERSION = YES;
				CLANG_WARN_CONSTANT_CONVERSION = YES;
				CLANG_WARN_DIRECT_OBJC_ISA_USAGE = YES_ERROR;
				CLANG_WARN_EMPTY_BODY = YES;
				CLANG_WARN_ENUM_CONVERSION = YES;
				CLANG_WARN_INT_CONVERSION = YES;
				CLANG_WARN_OBJC_ROOT_CLASS = YES_ERROR;
				CLANG_WARN__DUPLICATE_METHOD_MATCH = YES;
				"CODE_SIGN_IDENTITY[sdk=iphoneos*]" = "iPhone Developer";
				COPY_PHASE_STRIP = YES;
				ENABLE_NS_ASSERTIONS = NO;
				GCC_C_LANGUAGE_STANDARD = gnu99;
				GCC_WARN_64_TO_32_BIT_CONVERSION = YES;
				GCC_WARN_ABOUT_RETURN_TYPE = YES_ERROR;
				GCC_WARN_UNDECLARED_SELECTOR = YES;
				GCC_WARN_UNINITIALIZED_AUTOS = YES;
				GCC_WARN_UNUSED_FUNCTION = YES;
				GCC_WARN_UNUSED_VARIABLE = YES;
				IPHONEOS_DEPLOYMENT_TARGET = 6.0;
				OTHER_CFLAGS = "";
				SDKROOT = iphoneos;
				VALIDATE_PRODUCT = YES;
			};
			name = Release;
		};
		11E57377188A206200742422 /* Debug */ = {
			isa = XCBuildConfiguration;
			buildSettings = {
				ALWAYS_SEARCH_USER_PATHS = YES;
				ARCHS = "$(ARCHS_STANDARD)";
				ASSETCATALOG_COMPILER_APPICON_NAME = AppIcon;
				ASSETCATALOG_COMPILER_LAUNCHIMAGE_NAME = LaunchImage;
				FRAMEWORK_SEARCH_PATHS = "$CONFIGURATION_BUILD_DIR/include/**";
				GCC_PRECOMPILE_PREFIX_HEADER = YES;
				GCC_PREFIX_HEADER = "AutoJuke/AutoJuke-Prefix.pch";
				INFOPLIST_FILE = "AutoJuke/AutoJuke-Info.plist";
				LIBRARY_SEARCH_PATHS = (
					"$(inherited)",
					/Users/stevejohnvitali/Desktop/AutoJuke,
				);
				OTHER_LDFLAGS = (
					"-ObjC",
					"-all_load",
				);
				PRODUCT_NAME = "$(TARGET_NAME)";
				WRAPPER_EXTENSION = app;
			};
			name = Debug;
		};
		11E57378188A206200742422 /* Release */ = {
			isa = XCBuildConfiguration;
			buildSettings = {
				ALWAYS_SEARCH_USER_PATHS = YES;
				ARCHS = "$(ARCHS_STANDARD)";
				ASSETCATALOG_COMPILER_APPICON_NAME = AppIcon;
				ASSETCATALOG_COMPILER_LAUNCHIMAGE_NAME = LaunchImage;
				FRAMEWORK_SEARCH_PATHS = "$CONFIGURATION_BUILD_DIR/include/**";
				GCC_PRECOMPILE_PREFIX_HEADER = YES;
				GCC_PREFIX_HEADER = "AutoJuke/AutoJuke-Prefix.pch";
				INFOPLIST_FILE = "AutoJuke/AutoJuke-Info.plist";
				LIBRARY_SEARCH_PATHS = (
					"$(inherited)",
					/Users/stevejohnvitali/Desktop/AutoJuke,
				);
				OTHER_LDFLAGS = (
					"-ObjC",
					"-all_load",
				);
				PRODUCT_NAME = "$(TARGET_NAME)";
				WRAPPER_EXTENSION = app;
			};
			name = Release;
		};
		11E5737A188A206200742422 /* Debug */ = {
			isa = XCBuildConfiguration;
			buildSettings = {
				ARCHS = "$(ARCHS_STANDARD_INCLUDING_64_BIT)";
				BUNDLE_LOADER = "$(BUILT_PRODUCTS_DIR)/AutoJuke.app/AutoJuke";
				FRAMEWORK_SEARCH_PATHS = (
					"$(SDKROOT)/Developer/Library/Frameworks",
					"$(inherited)",
					"$(DEVELOPER_FRAMEWORKS_DIR)",
				);
				GCC_PRECOMPILE_PREFIX_HEADER = YES;
				GCC_PREFIX_HEADER = "AutoJuke/AutoJuke-Prefix.pch";
				GCC_PREPROCESSOR_DEFINITIONS = (
					"DEBUG=1",
					"$(inherited)",
				);
				INFOPLIST_FILE = "AutoJukeTests/AutoJukeTests-Info.plist";
				PRODUCT_NAME = "$(TARGET_NAME)";
				TEST_HOST = "$(BUNDLE_LOADER)";
				WRAPPER_EXTENSION = xctest;
			};
			name = Debug;
		};
		11E5737B188A206200742422 /* Release */ = {
			isa = XCBuildConfiguration;
			buildSettings = {
				ARCHS = "$(ARCHS_STANDARD_INCLUDING_64_BIT)";
				BUNDLE_LOADER = "$(BUILT_PRODUCTS_DIR)/AutoJuke.app/AutoJuke";
				FRAMEWORK_SEARCH_PATHS = (
					"$(SDKROOT)/Developer/Library/Frameworks",
					"$(inherited)",
					"$(DEVELOPER_FRAMEWORKS_DIR)",
				);
				GCC_PRECOMPILE_PREFIX_HEADER = YES;
				GCC_PREFIX_HEADER = "AutoJuke/AutoJuke-Prefix.pch";
				INFOPLIST_FILE = "AutoJukeTests/AutoJukeTests-Info.plist";
				PRODUCT_NAME = "$(TARGET_NAME)";
				TEST_HOST = "$(BUNDLE_LOADER)";
				WRAPPER_EXTENSION = xctest;
			};
			name = Release;
		};
/* End XCBuildConfiguration section */

/* Begin XCConfigurationList section */
		11E5733F188A206100742422 /* Build configuration list for PBXProject "AutoJuke" */ = {
			isa = XCConfigurationList;
			buildConfigurations = (
				11E57374188A206200742422 /* Debug */,
				11E57375188A206200742422 /* Release */,
			);
			defaultConfigurationIsVisible = 0;
			defaultConfigurationName = Release;
		};
		11E57376188A206200742422 /* Build configuration list for PBXNativeTarget "AutoJuke" */ = {
			isa = XCConfigurationList;
			buildConfigurations = (
				11E57377188A206200742422 /* Debug */,
				11E57378188A206200742422 /* Release */,
			);
			defaultConfigurationIsVisible = 0;
			defaultConfigurationName = Release;
		};
		11E57379188A206200742422 /* Build configuration list for PBXNativeTarget "AutoJukeTests" */ = {
			isa = XCConfigurationList;
			buildConfigurations = (
				11E5737A188A206200742422 /* Debug */,
				11E5737B188A206200742422 /* Release */,
			);
			defaultConfigurationIsVisible = 0;
			defaultConfigurationName = Release;
		};
/* End XCConfigurationList section */
	};
	rootObject = 11E5733C188A206100742422 /* Project object */;
}
